<?xml version="1.0" encoding="utf-8"?>
<Project ToolsVersion="4.0" xmlns="http://schemas.microsoft.com/developer/msbuild/2003">
  <ItemGroup>
    <Filter Include="Source Files">
      <UniqueIdentifier>{4FC737F1-C7A5-4376-A066-2A32D752A2FF}</UniqueIdentifier>
      <Extensions>cpp;cxx;c;def</Extensions>
    </Filter>
    <Filter Include="Header Files">
      <UniqueIdentifier>{93995380-89BD-4b04-88EB-625FBE52EBFB}</UniqueIdentifier>
      <Extensions>h</Extensions>
    </Filter>
    <Filter Include="Form Files">
      <UniqueIdentifier>{99349809-55BA-4b9d-BF79-8FDBB0286EB3}</UniqueIdentifier>
      <Extensions>ui</Extensions>
    </Filter>
    <Filter Include="Resource Files">
      <UniqueIdentifier>{D9D6E242-F8AF-46E4-B9FD-80ECBC20BA3E}</UniqueIdentifier>
      <Extensions>qrc;*</Extensions>
      <ParseFiles>false</ParseFiles>
    </Filter>
    <Filter Include="Generated Files">
      <UniqueIdentifier>{71ED8ED8-ACB9-4CE9-BBE1-E00B30144E11}</UniqueIdentifier>
      <Extensions>moc;h;cpp</Extensions>
      <SourceControlFiles>False</SourceControlFiles>
    </Filter>
    <Filter Include="Generated Files\Debug">
      <UniqueIdentifier>{40c64e5a-bc4f-47f5-a95b-16bc0858bb70}</UniqueIdentifier>
      <Extensions>cpp;moc</Extensions>
      <SourceControlFiles>False</SourceControlFiles>
    </Filter>
    <Filter Include="Generated Files\Release">
      <UniqueIdentifier>{efea4ece-0d01-40bb-be24-b7f67afd63e6}</UniqueIdentifier>
      <Extensions>cpp;moc</Extensions>
      <SourceControlFiles>False</SourceControlFiles>
    </Filter>
    <Filter Include="GUI">
      <UniqueIdentifier>{13a45e16-6f14-4ca5-a32f-477db7f88726}</UniqueIdentifier>
    </Filter>
  </ItemGroup>
  <ItemGroup>
    <ClCompile Include="GeneratedFiles\Debug\moc_nvencgui.cpp">
      <Filter>Generated Files\Debug</Filter>
    </ClCompile>
    <ClCompile Include="GeneratedFiles\Release\moc_nvencgui.cpp">
      <Filter>Generated Files\Release</Filter>
    </ClCompile>
    <ClCompile Include="GeneratedFiles\qrc_nvencgui.cpp">
      <Filter>Generated Files</Filter>
    </ClCompile>
    <ClCompile Include="main.cpp">
      <Filter>GUI</Filter>
    </ClCompile>
    <ClCompile Include="nvencgui.cpp">
      <Filter>GUI</Filter>
    </ClCompile>
    <ClCompile Include="FrameQueue.cpp">
      <Filter>Source Files</Filter>
    </ClCompile>
    <ClCompile Include="NvTranscoder.cpp">
      <Filter>Source Files</Filter>
    </ClCompile>
    <ClCompile Include="VideoDecoder.cpp">
      <Filter>Source Files</Filter>
    </ClCompile>
    <ClCompile Include="VideoEncoder.cpp">
      <Filter>Source Files</Filter>
    </ClCompile>
    <ClCompile Include="src\NvHWEncoder.cpp">
      <Filter>Source Files</Filter>
    </ClCompile>
  </ItemGroup>
  <ItemGroup>
    <CustomBuild Include="nvencgui.ui">
      <Filter>Form Files</Filter>
    </CustomBuild>
    <CustomBuild Include="nvencgui.qrc">
      <Filter>Resource Files</Filter>
    </CustomBuild>
    <CustomBuild Include="nvencgui.h">
      <Filter>GUI</Filter>
    </CustomBuild>
  </ItemGroup>
  <ItemGroup>
    <ClInclude Include="GeneratedFiles\ui_nvencgui.h">
      <Filter>Generated Files</Filter>
    </ClInclude>
    <ClInclude Include="FrameQueue.h">
      <Filter>Source Files</Filter>
    </ClInclude>
    <ClInclude Include="NvTranscoder.h">
      <Filter>Source Files</Filter>
    </ClInclude>
    <ClInclude Include="VideoDecoder.h">
      <Filter>Source Files</Filter>
    </ClInclude>
    <ClInclude Include="VideoEncoder.h">
      <Filter>Source Files</Filter>
    </ClInclude>
    <ClInclude Include="inc\nvCPUOPSys.h">
      <Filter>Source Files</Filter>
    </ClInclude>
    <ClInclude Include="inc\nvEncodeAPI.h">
      <Filter>Source Files</Filter>
    </ClInclude>
    <ClInclude Include="inc\nvFileIO.h">
      <Filter>Source Files</Filter>
    </ClInclude>
    <ClInclude Include="inc\NvHWEncoder.h">
      <Filter>Source Files</Filter>
    </ClInclude>
    <ClInclude Include="inc\nvUtils.h">
      <Filter>Source Files</Filter>
    </ClInclude>
  </ItemGroup>
</Project>